
Microsoft Visual Studio Solution File, Format Version 10.00
# Visual Studio 2008
Project("{FAE04EC0-301F-11D3-BF4B-00C04F79EFBC}") = "AAA.TradingNote", "AAA.TradingNote\AAA.TradingNote.csproj", "{ECCE05CD-7899-412A-B8DB-8F3B7EA95B91}"
EndProject
Global
	GlobalSection(SolutionConfigurationPlatforms) = preSolution
		Debug|Any CPU = Debug|Any CPU
		Release|Any CPU = Release|Any CPU
	EndGlobalSection
	GlobalSection(ProjectConfigurationPlatforms) = postSolution
		{ECCE05CD-7899-412A-B8DB-8F3B7EA95B91}.Debug|Any CPU.ActiveCfg = Debug|Any CPU
		{ECCE05CD-7899-412A-B8DB-8F3B7EA95B91}.Debug|Any CPU.Build.0 = Debug|Any CPU
		{ECCE05CD-7899-412A-B8DB-8F3B7EA95B91}.Release|Any CPU.ActiveCfg = Release|Any CPU
		{ECCE05CD-7899-412A-B8DB-8F3B7EA95B91}.Release|Any CPU.Build.0 = Release|Any CPU
	EndGlobalSection
	GlobalSection(SolutionProperties) = preSolution
		HideSolutionNode = FALSE
	EndGlobalSection
EndGlobal
