
Microsoft Visual Studio Solution File, Format Version 10.00
# Visual Studio 2008
Project("{FAE04EC0-301F-11D3-BF4B-00C04F79EFBC}") = "AAA.Maintain.DB", "AAA.Maintain.DB\AAA.Maintain.DB.csproj", "{997F9ECA-E1CD-407E-8148-2AD488DCFDEE}"
EndProject
Global
	GlobalSection(SolutionConfigurationPlatforms) = preSolution
		Debug|Any CPU = Debug|Any CPU
		Release|Any CPU = Release|Any CPU
	EndGlobalSection
	GlobalSection(ProjectConfigurationPlatforms) = postSolution
		{997F9ECA-E1CD-407E-8148-2AD488DCFDEE}.Debug|Any CPU.ActiveCfg = Debug|Any CPU
		{997F9ECA-E1CD-407E-8148-2AD488DCFDEE}.Debug|Any CPU.Build.0 = Debug|Any CPU
		{997F9ECA-E1CD-407E-8148-2AD488DCFDEE}.Release|Any CPU.ActiveCfg = Release|Any CPU
		{997F9ECA-E1CD-407E-8148-2AD488DCFDEE}.Release|Any CPU.Build.0 = Release|Any CPU
	EndGlobalSection
	GlobalSection(SolutionProperties) = preSolution
		HideSolutionNode = FALSE
	EndGlobalSection
EndGlobal
