
Microsoft Visual Studio Solution File, Format Version 10.00
# Visual Studio 2008
Project("{FAE04EC0-301F-11D3-BF4B-00C04F79EFBC}") = "AAA.BlogPublisher", "AAA.BlogPublisher\AAA.BlogPublisher.csproj", "{AEA47BCD-8369-441B-BCFF-1225D14F1BF5}"
EndProject
Project("{FAE04EC0-301F-11D3-BF4B-00C04F79EFBC}") = "AAA.PublisherManager", "AAA.PublisherManager\AAA.PublisherManager.csproj", "{3254CE9E-560D-4692-BA37-3A6900403F43}"
EndProject
Project("{FAE04EC0-301F-11D3-BF4B-00C04F79EFBC}") = "AAA.WretchPublisher", "AAA.WretchPublisher\AAA.WretchPublisher.csproj", "{9A4ED621-1CD7-410D-A8FA-CC3F67F63DEC}"
EndProject
Project("{FAE04EC0-301F-11D3-BF4B-00C04F79EFBC}") = "AAA.PublisherService", "AAA.PublisherService\AAA.PublisherService.csproj", "{46EB78BE-7D78-4B57-B998-7347BCBA8F1A}"
EndProject
Project("{FAE04EC0-301F-11D3-BF4B-00C04F79EFBC}") = "AAA.PublisherClient", "AAA.PublisherClient\AAA.PublisherClient.csproj", "{B3AF04BD-429B-4B1B-838A-D768AC5EAD83}"
EndProject
Project("{FAE04EC0-301F-11D3-BF4B-00C04F79EFBC}") = "AAA.Publisher.VersionCheck", "AAA.Publisher.VersionCheck\AAA.Publisher.VersionCheck.csproj", "{98A35542-25D2-4CB7-815D-E6488DA3B187}"
EndProject
Project("{FAE04EC0-301F-11D3-BF4B-00C04F79EFBC}") = "AAA.Publisher.Test", "AAA.Publisher.Test\AAA.Publisher.Test.csproj", "{6395D178-A336-4261-823A-51274E7D22BD}"
EndProject
Project("{FAE04EC0-301F-11D3-BF4B-00C04F79EFBC}") = "AAA.YahooPublisher", "AAA.YahooPublisher\AAA.YahooPublisher.csproj", "{31B499CB-140E-407E-8223-3F19DC5E63A8}"
EndProject
Project("{FAE04EC0-301F-11D3-BF4B-00C04F79EFBC}") = "AAA.GooglePublisher", "AAA.GooglePublisher\AAA.GooglePublisher.csproj", "{D0517A44-2AC8-49BF-820A-E9388BE1BBD4}"
EndProject
Project("{FAE04EC0-301F-11D3-BF4B-00C04F79EFBC}") = "AAA.PCHomePublisher", "AAA.PCHomePublisher\AAA.PCHomePublisher.csproj", "{1ECA2FD3-419B-4550-BC0F-90A5C778BA4A}"
EndProject
Project("{FAE04EC0-301F-11D3-BF4B-00C04F79EFBC}") = "AAA.PixnetPublisher", "AAA.PixnetPublisher\AAA.PixnetPublisher.csproj", "{0E01CA79-6BDD-4AF4-AA34-473990C511F4}"
EndProject
Project("{FAE04EC0-301F-11D3-BF4B-00C04F79EFBC}") = "AAA.PlurkPublisher", "AAA.PlunkPublisher\AAA.PlurkPublisher.csproj", "{00CA31FE-E65C-43A1-96CC-1801E15B7B13}"
EndProject
Project("{FAE04EC0-301F-11D3-BF4B-00C04F79EFBC}") = "AAA.YamPublisher", "AAA.YamPublisher\AAA.YamPublisher.csproj", "{2F89F70E-9CFE-4F14-839D-FFC39B918283}"
EndProject
Project("{FAE04EC0-301F-11D3-BF4B-00C04F79EFBC}") = "AAA.XuitePublisher", "AAA.XuitePublisher\AAA.XuitePublisher.csproj", "{93B68DED-AAA7-401A-A932-7E4DDCDA444C}"
EndProject
Project("{FAE04EC0-301F-11D3-BF4B-00C04F79EFBC}") = "AAA.FacebookPublisher", "AAA.FacebookPublisher\AAA.FacebookPublisher.csproj", "{213930D0-B9DC-4ED5-8522-0A11C0CC1748}"
EndProject
Global
	GlobalSection(SolutionConfigurationPlatforms) = preSolution
		Debug|Any CPU = Debug|Any CPU
		Debug|x86 = Debug|x86
		Release|Any CPU = Release|Any CPU
		Release|x86 = Release|x86
	EndGlobalSection
	GlobalSection(ProjectConfigurationPlatforms) = postSolution
		{AEA47BCD-8369-441B-BCFF-1225D14F1BF5}.Debug|Any CPU.ActiveCfg = Debug|Any CPU
		{AEA47BCD-8369-441B-BCFF-1225D14F1BF5}.Debug|Any CPU.Build.0 = Debug|Any CPU
		{AEA47BCD-8369-441B-BCFF-1225D14F1BF5}.Debug|x86.ActiveCfg = Debug|x86
		{AEA47BCD-8369-441B-BCFF-1225D14F1BF5}.Debug|x86.Build.0 = Debug|x86
		{AEA47BCD-8369-441B-BCFF-1225D14F1BF5}.Release|Any CPU.ActiveCfg = Release|Any CPU
		{AEA47BCD-8369-441B-BCFF-1225D14F1BF5}.Release|Any CPU.Build.0 = Release|Any CPU
		{AEA47BCD-8369-441B-BCFF-1225D14F1BF5}.Release|x86.ActiveCfg = Release|x86
		{AEA47BCD-8369-441B-BCFF-1225D14F1BF5}.Release|x86.Build.0 = Release|x86
		{3254CE9E-560D-4692-BA37-3A6900403F43}.Debug|Any CPU.ActiveCfg = Debug|Any CPU
		{3254CE9E-560D-4692-BA37-3A6900403F43}.Debug|Any CPU.Build.0 = Debug|Any CPU
		{3254CE9E-560D-4692-BA37-3A6900403F43}.Debug|x86.ActiveCfg = Debug|x86
		{3254CE9E-560D-4692-BA37-3A6900403F43}.Debug|x86.Build.0 = Debug|x86
		{3254CE9E-560D-4692-BA37-3A6900403F43}.Release|Any CPU.ActiveCfg = Release|Any CPU
		{3254CE9E-560D-4692-BA37-3A6900403F43}.Release|Any CPU.Build.0 = Release|Any CPU
		{3254CE9E-560D-4692-BA37-3A6900403F43}.Release|x86.ActiveCfg = Release|x86
		{3254CE9E-560D-4692-BA37-3A6900403F43}.Release|x86.Build.0 = Release|x86
		{9A4ED621-1CD7-410D-A8FA-CC3F67F63DEC}.Debug|Any CPU.ActiveCfg = Debug|Any CPU
		{9A4ED621-1CD7-410D-A8FA-CC3F67F63DEC}.Debug|Any CPU.Build.0 = Debug|Any CPU
		{9A4ED621-1CD7-410D-A8FA-CC3F67F63DEC}.Debug|x86.ActiveCfg = Debug|x86
		{9A4ED621-1CD7-410D-A8FA-CC3F67F63DEC}.Debug|x86.Build.0 = Debug|x86
		{9A4ED621-1CD7-410D-A8FA-CC3F67F63DEC}.Release|Any CPU.ActiveCfg = Release|Any CPU
		{9A4ED621-1CD7-410D-A8FA-CC3F67F63DEC}.Release|Any CPU.Build.0 = Release|Any CPU
		{9A4ED621-1CD7-410D-A8FA-CC3F67F63DEC}.Release|x86.ActiveCfg = Release|x86
		{9A4ED621-1CD7-410D-A8FA-CC3F67F63DEC}.Release|x86.Build.0 = Release|x86
		{46EB78BE-7D78-4B57-B998-7347BCBA8F1A}.Debug|Any CPU.ActiveCfg = Debug|Any CPU
		{46EB78BE-7D78-4B57-B998-7347BCBA8F1A}.Debug|Any CPU.Build.0 = Debug|Any CPU
		{46EB78BE-7D78-4B57-B998-7347BCBA8F1A}.Debug|x86.ActiveCfg = Debug|x86
		{46EB78BE-7D78-4B57-B998-7347BCBA8F1A}.Debug|x86.Build.0 = Debug|x86
		{46EB78BE-7D78-4B57-B998-7347BCBA8F1A}.Release|Any CPU.ActiveCfg = Release|Any CPU
		{46EB78BE-7D78-4B57-B998-7347BCBA8F1A}.Release|Any CPU.Build.0 = Release|Any CPU
		{46EB78BE-7D78-4B57-B998-7347BCBA8F1A}.Release|x86.ActiveCfg = Release|x86
		{46EB78BE-7D78-4B57-B998-7347BCBA8F1A}.Release|x86.Build.0 = Release|x86
		{B3AF04BD-429B-4B1B-838A-D768AC5EAD83}.Debug|Any CPU.ActiveCfg = Debug|Any CPU
		{B3AF04BD-429B-4B1B-838A-D768AC5EAD83}.Debug|Any CPU.Build.0 = Debug|Any CPU
		{B3AF04BD-429B-4B1B-838A-D768AC5EAD83}.Debug|x86.ActiveCfg = Debug|x86
		{B3AF04BD-429B-4B1B-838A-D768AC5EAD83}.Debug|x86.Build.0 = Debug|x86
		{B3AF04BD-429B-4B1B-838A-D768AC5EAD83}.Release|Any CPU.ActiveCfg = Release|Any CPU
		{B3AF04BD-429B-4B1B-838A-D768AC5EAD83}.Release|Any CPU.Build.0 = Release|Any CPU
		{B3AF04BD-429B-4B1B-838A-D768AC5EAD83}.Release|x86.ActiveCfg = Release|x86
		{B3AF04BD-429B-4B1B-838A-D768AC5EAD83}.Release|x86.Build.0 = Release|x86
		{98A35542-25D2-4CB7-815D-E6488DA3B187}.Debug|Any CPU.ActiveCfg = Debug|Any CPU
		{98A35542-25D2-4CB7-815D-E6488DA3B187}.Debug|Any CPU.Build.0 = Debug|Any CPU
		{98A35542-25D2-4CB7-815D-E6488DA3B187}.Debug|x86.ActiveCfg = Debug|x86
		{98A35542-25D2-4CB7-815D-E6488DA3B187}.Debug|x86.Build.0 = Debug|x86
		{98A35542-25D2-4CB7-815D-E6488DA3B187}.Release|Any CPU.ActiveCfg = Release|Any CPU
		{98A35542-25D2-4CB7-815D-E6488DA3B187}.Release|Any CPU.Build.0 = Release|Any CPU
		{98A35542-25D2-4CB7-815D-E6488DA3B187}.Release|x86.ActiveCfg = Release|x86
		{98A35542-25D2-4CB7-815D-E6488DA3B187}.Release|x86.Build.0 = Release|x86
		{6395D178-A336-4261-823A-51274E7D22BD}.Debug|Any CPU.ActiveCfg = Debug|Any CPU
		{6395D178-A336-4261-823A-51274E7D22BD}.Debug|Any CPU.Build.0 = Debug|Any CPU
		{6395D178-A336-4261-823A-51274E7D22BD}.Debug|x86.ActiveCfg = Debug|x86
		{6395D178-A336-4261-823A-51274E7D22BD}.Debug|x86.Build.0 = Debug|x86
		{6395D178-A336-4261-823A-51274E7D22BD}.Release|Any CPU.ActiveCfg = Release|Any CPU
		{6395D178-A336-4261-823A-51274E7D22BD}.Release|Any CPU.Build.0 = Release|Any CPU
		{6395D178-A336-4261-823A-51274E7D22BD}.Release|x86.ActiveCfg = Release|x86
		{6395D178-A336-4261-823A-51274E7D22BD}.Release|x86.Build.0 = Release|x86
		{31B499CB-140E-407E-8223-3F19DC5E63A8}.Debug|Any CPU.ActiveCfg = Debug|Any CPU
		{31B499CB-140E-407E-8223-3F19DC5E63A8}.Debug|Any CPU.Build.0 = Debug|Any CPU
		{31B499CB-140E-407E-8223-3F19DC5E63A8}.Debug|x86.ActiveCfg = Debug|x86
		{31B499CB-140E-407E-8223-3F19DC5E63A8}.Debug|x86.Build.0 = Debug|x86
		{31B499CB-140E-407E-8223-3F19DC5E63A8}.Release|Any CPU.ActiveCfg = Release|Any CPU
		{31B499CB-140E-407E-8223-3F19DC5E63A8}.Release|Any CPU.Build.0 = Release|Any CPU
		{31B499CB-140E-407E-8223-3F19DC5E63A8}.Release|x86.ActiveCfg = Release|x86
		{31B499CB-140E-407E-8223-3F19DC5E63A8}.Release|x86.Build.0 = Release|x86
		{D0517A44-2AC8-49BF-820A-E9388BE1BBD4}.Debug|Any CPU.ActiveCfg = Debug|Any CPU
		{D0517A44-2AC8-49BF-820A-E9388BE1BBD4}.Debug|Any CPU.Build.0 = Debug|Any CPU
		{D0517A44-2AC8-49BF-820A-E9388BE1BBD4}.Debug|x86.ActiveCfg = Debug|x86
		{D0517A44-2AC8-49BF-820A-E9388BE1BBD4}.Debug|x86.Build.0 = Debug|x86
		{D0517A44-2AC8-49BF-820A-E9388BE1BBD4}.Release|Any CPU.ActiveCfg = Release|Any CPU
		{D0517A44-2AC8-49BF-820A-E9388BE1BBD4}.Release|Any CPU.Build.0 = Release|Any CPU
		{D0517A44-2AC8-49BF-820A-E9388BE1BBD4}.Release|x86.ActiveCfg = Release|x86
		{D0517A44-2AC8-49BF-820A-E9388BE1BBD4}.Release|x86.Build.0 = Release|x86
		{1ECA2FD3-419B-4550-BC0F-90A5C778BA4A}.Debug|Any CPU.ActiveCfg = Debug|Any CPU
		{1ECA2FD3-419B-4550-BC0F-90A5C778BA4A}.Debug|Any CPU.Build.0 = Debug|Any CPU
		{1ECA2FD3-419B-4550-BC0F-90A5C778BA4A}.Debug|x86.ActiveCfg = Debug|x86
		{1ECA2FD3-419B-4550-BC0F-90A5C778BA4A}.Debug|x86.Build.0 = Debug|x86
		{1ECA2FD3-419B-4550-BC0F-90A5C778BA4A}.Release|Any CPU.ActiveCfg = Release|Any CPU
		{1ECA2FD3-419B-4550-BC0F-90A5C778BA4A}.Release|Any CPU.Build.0 = Release|Any CPU
		{1ECA2FD3-419B-4550-BC0F-90A5C778BA4A}.Release|x86.ActiveCfg = Release|x86
		{1ECA2FD3-419B-4550-BC0F-90A5C778BA4A}.Release|x86.Build.0 = Release|x86
		{0E01CA79-6BDD-4AF4-AA34-473990C511F4}.Debug|Any CPU.ActiveCfg = Debug|Any CPU
		{0E01CA79-6BDD-4AF4-AA34-473990C511F4}.Debug|Any CPU.Build.0 = Debug|Any CPU
		{0E01CA79-6BDD-4AF4-AA34-473990C511F4}.Debug|x86.ActiveCfg = Debug|x86
		{0E01CA79-6BDD-4AF4-AA34-473990C511F4}.Debug|x86.Build.0 = Debug|x86
		{0E01CA79-6BDD-4AF4-AA34-473990C511F4}.Release|Any CPU.ActiveCfg = Release|Any CPU
		{0E01CA79-6BDD-4AF4-AA34-473990C511F4}.Release|Any CPU.Build.0 = Release|Any CPU
		{0E01CA79-6BDD-4AF4-AA34-473990C511F4}.Release|x86.ActiveCfg = Release|x86
		{0E01CA79-6BDD-4AF4-AA34-473990C511F4}.Release|x86.Build.0 = Release|x86
		{00CA31FE-E65C-43A1-96CC-1801E15B7B13}.Debug|Any CPU.ActiveCfg = Debug|Any CPU
		{00CA31FE-E65C-43A1-96CC-1801E15B7B13}.Debug|Any CPU.Build.0 = Debug|Any CPU
		{00CA31FE-E65C-43A1-96CC-1801E15B7B13}.Debug|x86.ActiveCfg = Debug|x86
		{00CA31FE-E65C-43A1-96CC-1801E15B7B13}.Debug|x86.Build.0 = Debug|x86
		{00CA31FE-E65C-43A1-96CC-1801E15B7B13}.Release|Any CPU.ActiveCfg = Release|Any CPU
		{00CA31FE-E65C-43A1-96CC-1801E15B7B13}.Release|Any CPU.Build.0 = Release|Any CPU
		{00CA31FE-E65C-43A1-96CC-1801E15B7B13}.Release|x86.ActiveCfg = Release|x86
		{00CA31FE-E65C-43A1-96CC-1801E15B7B13}.Release|x86.Build.0 = Release|x86
		{2F89F70E-9CFE-4F14-839D-FFC39B918283}.Debug|Any CPU.ActiveCfg = Debug|Any CPU
		{2F89F70E-9CFE-4F14-839D-FFC39B918283}.Debug|Any CPU.Build.0 = Debug|Any CPU
		{2F89F70E-9CFE-4F14-839D-FFC39B918283}.Debug|x86.ActiveCfg = Debug|x86
		{2F89F70E-9CFE-4F14-839D-FFC39B918283}.Debug|x86.Build.0 = Debug|x86
		{2F89F70E-9CFE-4F14-839D-FFC39B918283}.Release|Any CPU.ActiveCfg = Release|Any CPU
		{2F89F70E-9CFE-4F14-839D-FFC39B918283}.Release|Any CPU.Build.0 = Release|Any CPU
		{2F89F70E-9CFE-4F14-839D-FFC39B918283}.Release|x86.ActiveCfg = Release|x86
		{2F89F70E-9CFE-4F14-839D-FFC39B918283}.Release|x86.Build.0 = Release|x86
		{93B68DED-AAA7-401A-A932-7E4DDCDA444C}.Debug|Any CPU.ActiveCfg = Debug|Any CPU
		{93B68DED-AAA7-401A-A932-7E4DDCDA444C}.Debug|Any CPU.Build.0 = Debug|Any CPU
		{93B68DED-AAA7-401A-A932-7E4DDCDA444C}.Debug|x86.ActiveCfg = Debug|x86
		{93B68DED-AAA7-401A-A932-7E4DDCDA444C}.Debug|x86.Build.0 = Debug|x86
		{93B68DED-AAA7-401A-A932-7E4DDCDA444C}.Release|Any CPU.ActiveCfg = Release|Any CPU
		{93B68DED-AAA7-401A-A932-7E4DDCDA444C}.Release|Any CPU.Build.0 = Release|Any CPU
		{93B68DED-AAA7-401A-A932-7E4DDCDA444C}.Release|x86.ActiveCfg = Release|x86
		{93B68DED-AAA7-401A-A932-7E4DDCDA444C}.Release|x86.Build.0 = Release|x86
		{213930D0-B9DC-4ED5-8522-0A11C0CC1748}.Debug|Any CPU.ActiveCfg = Debug|Any CPU
		{213930D0-B9DC-4ED5-8522-0A11C0CC1748}.Debug|Any CPU.Build.0 = Debug|Any CPU
		{213930D0-B9DC-4ED5-8522-0A11C0CC1748}.Debug|x86.ActiveCfg = Debug|x86
		{213930D0-B9DC-4ED5-8522-0A11C0CC1748}.Debug|x86.Build.0 = Debug|x86
		{213930D0-B9DC-4ED5-8522-0A11C0CC1748}.Release|Any CPU.ActiveCfg = Release|Any CPU
		{213930D0-B9DC-4ED5-8522-0A11C0CC1748}.Release|Any CPU.Build.0 = Release|Any CPU
		{213930D0-B9DC-4ED5-8522-0A11C0CC1748}.Release|x86.ActiveCfg = Release|x86
		{213930D0-B9DC-4ED5-8522-0A11C0CC1748}.Release|x86.Build.0 = Release|x86
	EndGlobalSection
	GlobalSection(SolutionProperties) = preSolution
		HideSolutionNode = FALSE
	EndGlobalSection
EndGlobal
